
Microsoft Visual Studio Solution File, Format Version 12.00
# Visual Studio 14
VisualStudioVersion = 14.0.25420.1
MinimumVisualStudioVersion = 10.0.40219.1
Project("{FAE04EC0-301F-11D3-BF4B-00C04F79EFBC}") = "TableTennis", "TableTennis\TableTennis.csproj", "{98E551BC-71AF-4034-873A-0BA04F10DEBC}"
EndProject
Project("{FAE04EC0-301F-11D3-BF4B-00C04F79EFBC}") = "TableTennis.Tests", "TableTennis.Tests\TableTennis.Tests.csproj", "{E007F1F7-4FE6-4DF6-A3C3-CF8FA595D91F}"
EndProject
Project("{00D1A9C2-B5F0-4AF3-8072-F6C62B433612}") = "TableTennisDb", "TableTennisDb\TableTennisDb.sqlproj", "{9BC3CCB8-D1C7-4EA0-9CF8-5AE7E33F9125}"
EndProject
Global
	GlobalSection(SolutionConfigurationPlatforms) = preSolution
		Debug|Any CPU = Debug|Any CPU
		Release|Any CPU = Release|Any CPU
	EndGlobalSection
	GlobalSection(ProjectConfigurationPlatforms) = postSolution
		{98E551BC-71AF-4034-873A-0BA04F10DEBC}.Debug|Any CPU.ActiveCfg = Debug|Any CPU
		{98E551BC-71AF-4034-873A-0BA04F10DEBC}.Debug|Any CPU.Build.0 = Debug|Any CPU
		{98E551BC-71AF-4034-873A-0BA04F10DEBC}.Release|Any CPU.ActiveCfg = Release|Any CPU
		{98E551BC-71AF-4034-873A-0BA04F10DEBC}.Release|Any CPU.Build.0 = Release|Any CPU
		{E007F1F7-4FE6-4DF6-A3C3-CF8FA595D91F}.Debug|Any CPU.ActiveCfg = Debug|Any CPU
		{E007F1F7-4FE6-4DF6-A3C3-CF8FA595D91F}.Debug|Any CPU.Build.0 = Debug|Any CPU
		{E007F1F7-4FE6-4DF6-A3C3-CF8FA595D91F}.Release|Any CPU.ActiveCfg = Release|Any CPU
		{E007F1F7-4FE6-4DF6-A3C3-CF8FA595D91F}.Release|Any CPU.Build.0 = Release|Any CPU
		{9BC3CCB8-D1C7-4EA0-9CF8-5AE7E33F9125}.Debug|Any CPU.ActiveCfg = Debug|Any CPU
		{9BC3CCB8-D1C7-4EA0-9CF8-5AE7E33F9125}.Debug|Any CPU.Build.0 = Debug|Any CPU
		{9BC3CCB8-D1C7-4EA0-9CF8-5AE7E33F9125}.Debug|Any CPU.Deploy.0 = Debug|Any CPU
		{9BC3CCB8-D1C7-4EA0-9CF8-5AE7E33F9125}.Release|Any CPU.ActiveCfg = Release|Any CPU
		{9BC3CCB8-D1C7-4EA0-9CF8-5AE7E33F9125}.Release|Any CPU.Build.0 = Release|Any CPU
		{9BC3CCB8-D1C7-4EA0-9CF8-5AE7E33F9125}.Release|Any CPU.Deploy.0 = Release|Any CPU
	EndGlobalSection
	GlobalSection(SolutionProperties) = preSolution
		HideSolutionNode = FALSE
	EndGlobalSection
EndGlobal
